{
  "pins" : [
    {
      "identity" : "aws4",
      "kind" : "remoteSourceControl",
      "location" : "https://github.com/kortac/AWS4.git",
      "state" : {
        "revision" : "c0360b86e86bef0daf76eb5c29ba8a8bd111ecae",
        "version" : "1.0.4"
      }
    },
    {
      "identity" : "webservice",
      "kind" : "remoteSourceControl",
      "location" : "https://github.com/wmalloc/WebService.git",
      "state" : {
        "revision" : "b6907f9a9b9b498f52b873449b38b795f620f1d7",
        "version" : "0.5.9"
      }
    },
    {
      "identity" : "xmlcoder",
      "kind" : "remoteSourceControl",
      "location" : "https://github.com/CoreOffice/XMLCoder.git",
      "state" : {
        "revision" : "c438dad94f6a243b411b70a4b4bac54595064808",
        "version" : "0.15.0"
      }
    }
  ],
  "version" : 2
}
